
Microsoft Visual Studio Solution File, Format Version 12.00
# Visual Studio 15
VisualStudioVersion = 15.0.27703.2018
MinimumVisualStudioVersion = 10.0.40219.1
Project("{FAE04EC0-301F-11D3-BF4B-00C04F79EFBC}") = "CRUDInternetshop", "CRUDInternetshop\CRUDInternetshop.csproj", "{72FBD6CF-7D01-45A4-AFE2-15CEE1B7C82E}"
EndProject
Global
	GlobalSection(SolutionConfigurationPlatforms) = preSolution
		Debug|Any CPU = Debug|Any CPU
		Release|Any CPU = Release|Any CPU
	EndGlobalSection
	GlobalSection(ProjectConfigurationPlatforms) = postSolution
		{72FBD6CF-7D01-45A4-AFE2-15CEE1B7C82E}.Debug|Any CPU.ActiveCfg = Debug|Any CPU
		{72FBD6CF-7D01-45A4-AFE2-15CEE1B7C82E}.Debug|Any CPU.Build.0 = Debug|Any CPU
		{72FBD6CF-7D01-45A4-AFE2-15CEE1B7C82E}.Release|Any CPU.ActiveCfg = Release|Any CPU
		{72FBD6CF-7D01-45A4-AFE2-15CEE1B7C82E}.Release|Any CPU.Build.0 = Release|Any CPU
	EndGlobalSection
	GlobalSection(SolutionProperties) = preSolution
		HideSolutionNode = FALSE
	EndGlobalSection
	GlobalSection(ExtensibilityGlobals) = postSolution
		SolutionGuid = {F10E9BD0-D437-4086-A7EA-C00811F27675}
	EndGlobalSection
EndGlobal
